[[package]]
name = "boto"
version = "2.49.0"
description = "Amazon Web Services Library"
category = "main"
optional = false
python-versions = "*"

[metadata]
lock-version = "1.1"
python-versions = "^3.10"
content-hash = "d54b430852a3fdfe400cfea78fb05ce3c73a5b332595f5a3873f05730fd25416"

[metadata.files]
boto = [
    {file = "boto-2.49.0-py2.py3-none-any.whl", hash = "sha256:147758d41ae7240dc989f0039f27da8ca0d53734be0eb869ef16e3adcfa462e8"},
    {file = "boto-2.49.0.tar.gz", hash = "sha256:ea0d3b40a2d852767be77ca343b58a9e3a4b00d9db440efb8da74b4e58025e5a"},
]
